<?xml version="1.0" encoding="utf-8"?>
<Project ToolsVersion="4.0" xmlns="http://schemas.microsoft.com/developer/msbuild/2003">
  <ItemGroup>
    <Filter Include="Source Files">
      <UniqueIdentifier>{4FC737F1-C7A5-4376-A066-2A32D752A2FF}</UniqueIdentifier>
      <Extensions>cpp;c;cc;cxx;def;odl;idl;hpj;bat;asm;asmx</Extensions>
    </Filter>
    <Filter Include="Header Files">
      <UniqueIdentifier>{93995380-89BD-4b04-88EB-625FBE52EBFB}</UniqueIdentifier>
      <Extensions>h;hh;hpp;hxx;hm;inl;inc;ipp;xsd</Extensions>
    </Filter>
    <Filter Include="Resource Files">
      <UniqueIdentifier>{67DA6AB6-F800-4c08-8B7A-83BB121AAD01}</UniqueIdentifier>
      <Extensions>rc;ico;cur;bmp;dlg;rc2;rct;bin;rgs;gif;jpg;jpeg;jpe;resx;tiff;tif;png;wav;mfcribbon-ms</Extensions>
    </Filter>
    <Filter Include="Source Files\protobuf">
      <UniqueIdentifier>{21624d52-bb2b-44eb-967c-424d4a8119cb}</UniqueIdentifier>
    </Filter>
    <Filter Include="Source Files\protobuf\x64">
      <UniqueIdentifier>{8a9646bb-85ef-44ac-825a-af1b306995cd}</UniqueIdentifier>
    </Filter>
    <Filter Include="Source Files\protobuf\x86">
      <UniqueIdentifier>{6861574f-0af7-4bcb-8fab-c95dcbd1b3df}</UniqueIdentifier>
    </Filter>
    <Filter Include="Source Files\protobuf\x64\Debug">
      <UniqueIdentifier>{c3fd8f39-da50-4697-95a8-da7e55003e27}</UniqueIdentifier>
    </Filter>
    <Filter Include="Source Files\protobuf\x64\Release">
      <UniqueIdentifier>{6b0c7824-fc23-40f3-bc70-21013a3d9185}</UniqueIdentifier>
    </Filter>
    <Filter Include="Source Files\protobuf\x86\Debug">
      <UniqueIdentifier>{85924453-1547-4ca4-8e94-3e63871bde81}</UniqueIdentifier>
    </Filter>
    <Filter Include="Source Files\protobuf\x86\Release">
      <UniqueIdentifier>{2dea0e14-fb60-4599-ba30-5f2d3b87dc06}</UniqueIdentifier>
    </Filter>
  </ItemGroup>
  <ItemGroup>
    <ClCompile Include="..\main.cpp">
      <Filter>Source Files</Filter>
    </ClCompile>
    <ClCompile Include="..\TcpConnection.cpp">
      <Filter>Source Files</Filter>
    </ClCompile>
    <ClCompile Include="..\TcpListener.cpp">
      <Filter>Source Files</Filter>
    </ClCompile>
    <ClCompile Include="..\Logger.cpp">
      <Filter>Source Files</Filter>
    </ClCompile>
    <ClCompile Include="..\ThreadPool.cpp">
      <Filter>Source Files</Filter>
    </ClCompile>
    <ClCompile Include="..\Client.cpp">
      <Filter>Source Files</Filter>
    </ClCompile>
    <ClCompile Include="..\HashTable.cpp">
      <Filter>Source Files</Filter>
    </ClCompile>
    <ClCompile Include="..\Server.cpp">
      <Filter>Source Files</Filter>
    </ClCompile>
    <ClCompile Include="..\CallManager.cpp">
      <Filter>Source Files</Filter>
    </ClCompile>
    <ClCompile Include="..\CallClient.cpp">
      <Filter>Source Files</Filter>
    </ClCompile>
    <ClCompile Include="x64\Debug\protobuf\dht.pb.cc">
      <Filter>Source Files\protobuf\x64\Debug</Filter>
    </ClCompile>
    <ClCompile Include="x64\Release\protobuf\dht.pb.cc">
      <Filter>Source Files\protobuf\x64\Release</Filter>
    </ClCompile>
    <ClCompile Include="Release\protobuf\dht.pb.cc">
      <Filter>Source Files\protobuf\x86\Release</Filter>
    </ClCompile>
    <ClCompile Include="Debug\protobuf\dht.pb.cc">
      <Filter>Source Files\protobuf\x86\Debug</Filter>
    </ClCompile>
  </ItemGroup>
  <ItemGroup>
    <None Include="..\LICENSE" />
    <None Include="..\README.md" />
  </ItemGroup>
  <ItemGroup>
    <ClInclude Include="..\IConnectionListener.h">
      <Filter>Header Files</Filter>
    </ClInclude>
    <ClInclude Include="..\TcpConnection.h">
      <Filter>Header Files</Filter>
    </ClInclude>
    <ClInclude Include="..\TcpListener.h">
      <Filter>Header Files</Filter>
    </ClInclude>
    <ClInclude Include="..\Logger.h">
      <Filter>Header Files</Filter>
    </ClInclude>
    <ClInclude Include="..\ThreadPool.h">
      <Filter>Header Files</Filter>
    </ClInclude>
    <ClInclude Include="..\IMessageListener.h">
      <Filter>Header Files</Filter>
    </ClInclude>
    <ClInclude Include="..\Client.h">
      <Filter>Header Files</Filter>
    </ClInclude>
    <ClInclude Include="..\HashTable.h">
      <Filter>Header Files</Filter>
    </ClInclude>
    <ClInclude Include="..\Server.h">
      <Filter>Header Files</Filter>
    </ClInclude>
    <ClInclude Include="..\CallManager.h">
      <Filter>Header Files</Filter>
    </ClInclude>
    <ClInclude Include="..\CallClient.h">
      <Filter>Header Files</Filter>
    </ClInclude>
    <ClInclude Include="x64\Debug\protobuf\dht.pb.h">
      <Filter>Source Files\protobuf\x64\Debug</Filter>
    </ClInclude>
    <ClInclude Include="x64\Release\protobuf\dht.pb.h">
      <Filter>Source Files\protobuf\x64\Release</Filter>
    </ClInclude>
    <ClInclude Include="Release\protobuf\dht.pb.h">
      <Filter>Source Files\protobuf\x86\Release</Filter>
    </ClInclude>
    <ClInclude Include="Debug\protobuf\dht.pb.h">
      <Filter>Source Files\protobuf\x86\Debug</Filter>
    </ClInclude>
  </ItemGroup>
  <ItemGroup>
    <Protobuf Include="..\dht.proto">
      <Filter>Source Files\protobuf</Filter>
    </Protobuf>
  </ItemGroup>
</Project>